
Microsoft Visual Studio Solution File, Format Version 12.00
# Visual Studio 15
VisualStudioVersion = 15.0.27703.2000
MinimumVisualStudioVersion = 10.0.40219.1
Project("{9A19103F-16F7-4668-BE54-9A1E7A4F7556}") = "Dotnet.Tool.MD5", "src\Dotnet.Tool.Md5\Dotnet.Tool.MD5.csproj", "{79401C24-510D-44E0-A332-2918485E57D9}"
EndProject
Project("{9A19103F-16F7-4668-BE54-9A1E7A4F7556}") = "Dotnet.Tool.MD5.UnitTest", "test\Dotnet.Tool.MD5.UnitTest\Dotnet.Tool.MD5.UnitTest.csproj", "{664D02BE-DD68-4EBF-AB40-A96A1857ED2D}"
EndProject
Global
	GlobalSection(SolutionConfigurationPlatforms) = preSolution
		Debug|Any CPU = Debug|Any CPU
		Release|Any CPU = Release|Any CPU
	EndGlobalSection
	GlobalSection(ProjectConfigurationPlatforms) = postSolution
		{79401C24-510D-44E0-A332-2918485E57D9}.Debug|Any CPU.ActiveCfg = Debug|Any CPU
		{79401C24-510D-44E0-A332-2918485E57D9}.Debug|Any CPU.Build.0 = Debug|Any CPU
		{79401C24-510D-44E0-A332-2918485E57D9}.Release|Any CPU.ActiveCfg = Release|Any CPU
		{79401C24-510D-44E0-A332-2918485E57D9}.Release|Any CPU.Build.0 = Release|Any CPU
		{664D02BE-DD68-4EBF-AB40-A96A1857ED2D}.Debug|Any CPU.ActiveCfg = Debug|Any CPU
		{664D02BE-DD68-4EBF-AB40-A96A1857ED2D}.Debug|Any CPU.Build.0 = Debug|Any CPU
		{664D02BE-DD68-4EBF-AB40-A96A1857ED2D}.Release|Any CPU.ActiveCfg = Release|Any CPU
		{664D02BE-DD68-4EBF-AB40-A96A1857ED2D}.Release|Any CPU.Build.0 = Release|Any CPU
	EndGlobalSection
	GlobalSection(SolutionProperties) = preSolution
		HideSolutionNode = FALSE
	EndGlobalSection
	GlobalSection(ExtensibilityGlobals) = postSolution
		SolutionGuid = {47965A2E-1DC7-431D-AE99-A3A3746BD883}
	EndGlobalSection
EndGlobal
